
Microsoft Visual Studio Solution File, Format Version 12.00
# Visual Studio Version 17
VisualStudioVersion = 17.11.35222.181
MinimumVisualStudioVersion = 10.0.40219.1
Project("{FAE04EC0-301F-11D3-BF4B-00C04F79EFBC}") = "LCS", "LCS\LCS.csproj", "{F11883D3-57E4-4996-BC51-B09CEAB46F85}"
EndProject
Global
	GlobalSection(SolutionConfigurationPlatforms) = preSolution
		Debug|Any CPU = Debug|Any CPU
		Release|Any CPU = Release|Any CPU
	EndGlobalSection
	GlobalSection(ProjectConfigurationPlatforms) = postSolution
		{F11883D3-57E4-4996-BC51-B09CEAB46F85}.Debug|Any CPU.ActiveCfg = Debug|Any CPU
		{F11883D3-57E4-4996-BC51-B09CEAB46F85}.Debug|Any CPU.Build.0 = Debug|Any CPU
		{F11883D3-57E4-4996-BC51-B09CEAB46F85}.Release|Any CPU.ActiveCfg = Release|Any CPU
		{F11883D3-57E4-4996-BC51-B09CEAB46F85}.Release|Any CPU.Build.0 = Release|Any CPU
	EndGlobalSection
	GlobalSection(SolutionProperties) = preSolution
		HideSolutionNode = FALSE
	EndGlobalSection
	GlobalSection(ExtensibilityGlobals) = postSolution
		SolutionGuid = {F5C050A6-6180-4704-BF85-236CF0FA0F23}
	EndGlobalSection
EndGlobal
